// !$*UTF8*$!
{
	archiveVersion = 1;
	classes = {
	};
	objectVersion = 46;
	objects = {

/* Begin PBXBuildFile section */
		3F0ACB6E2111037200A4EB52 /* PetDAO.swift in Sources */ = {isa = PBXBuildFile; fileRef = 3F0ACB6D2111037200A4EB52 /* PetDAO.swift */; };
		3F27E698210B9D0A00F54324 /* Principal.storyboard in Resources */ = {isa = PBXBuildFile; fileRef = 3F27E697210B9D0A00F54324 /* Principal.storyboard */; };
		3F42238B210A5FA800B4A71A /* Assets.xcassets in Resources */ = {isa = PBXBuildFile; fileRef = 3F42238A210A5FA800B4A71A /* Assets.xcassets */; };
		3F42238F210A65B200B4A71A /* Registrar.storyboard in Resources */ = {isa = PBXBuildFile; fileRef = 3F42238E210A65B200B4A71A /* Registrar.storyboard */; };
		3F422393210A67E500B4A71A /* RegistrarViewController.swift in Sources */ = {isa = PBXBuildFile; fileRef = 3F422392210A67E500B4A71A /* RegistrarViewController.swift */; };
		3F4E2EA52110E9B40018C578 /* UIButtonX.swift in Sources */ = {isa = PBXBuildFile; fileRef = 3F4E2E9C2110E9B40018C578 /* UIButtonX.swift */; };
		3F4E2EA62110E9B40018C578 /* UIImageViewX.swift in Sources */ = {isa = PBXBuildFile; fileRef = 3F4E2E9D2110E9B40018C578 /* UIImageViewX.swift */; };
		3F4E2EA72110E9B40018C578 /* UILabelX.swift in Sources */ = {isa = PBXBuildFile; fileRef = 3F4E2E9E2110E9B40018C578 /* UILabelX.swift */; };
		3F4E2EA82110E9B40018C578 /* UISliderX.swift in Sources */ = {isa = PBXBuildFile; fileRef = 3F4E2E9F2110E9B40018C578 /* UISliderX.swift */; };
		3F4E2EA92110E9B40018C578 /* UITextFieldX.swift in Sources */ = {isa = PBXBuildFile; fileRef = 3F4E2EA02110E9B40018C578 /* UITextFieldX.swift */; };
		3F4E2EAA2110E9B40018C578 /* UIViewAnchorPoint.swift in Sources */ = {isa = PBXBuildFile; fileRef = 3F4E2EA12110E9B40018C578 /* UIViewAnchorPoint.swift */; };
		3F4E2EAB2110E9B40018C578 /* UIViewControllerX.swift in Sources */ = {isa = PBXBuildFile; fileRef = 3F4E2EA22110E9B40018C578 /* UIViewControllerX.swift */; };
		3F4E2EAC2110E9B40018C578 /* UIViewX.swift in Sources */ = {isa = PBXBuildFile; fileRef = 3F4E2EA32110E9B40018C578 /* UIViewX.swift */; };
		3F4E2EAD2110E9B40018C578 /* UIViewXRadialGradient.swift in Sources */ = {isa = PBXBuildFile; fileRef = 3F4E2EA42110E9B40018C578 /* UIViewXRadialGradient.swift */; };
		3F4E2EB02110EA4D0018C578 /* OpenSans-Light.ttf in Resources */ = {isa = PBXBuildFile; fileRef = 3F4E2EAE2110EA4D0018C578 /* OpenSans-Light.ttf */; };
		3F4E2EB12110EA4D0018C578 /* OpenSans-Regular.ttf in Resources */ = {isa = PBXBuildFile; fileRef = 3F4E2EAF2110EA4D0018C578 /* OpenSans-Regular.ttf */; };
		3F4E2EB32110F2880018C578 /* AdotanteDAO.swift in Sources */ = {isa = PBXBuildFile; fileRef = 3F4E2EB22110F2880018C578 /* AdotanteDAO.swift */; };
		3F4E2ED52110F98D0018C578 /* InfoPetViewController.swift in Sources */ = {isa = PBXBuildFile; fileRef = 3F4E2ED42110F98D0018C578 /* InfoPetViewController.swift */; };
		3F6EE0BB210FB15600BEC3D1 /* AdoteViewController.swift in Sources */ = {isa = PBXBuildFile; fileRef = 3F6EE0BA210FB15600BEC3D1 /* AdoteViewController.swift */; };
		3F7A20582106718900FB501B /* AppDelegate.swift in Sources */ = {isa = PBXBuildFile; fileRef = 3F7A20572106718900FB501B /* AppDelegate.swift */; };
		3F7A205A2106718900FB501B /* LoginViewController.swift in Sources */ = {isa = PBXBuildFile; fileRef = 3F7A20592106718900FB501B /* LoginViewController.swift */; };
		3F7A205D2106718900FB501B /* Login.storyboard in Resources */ = {isa = PBXBuildFile; fileRef = 3F7A205B2106718900FB501B /* Login.storyboard */; };
		3F7A20622106718900FB501B /* LaunchScreen.storyboard in Resources */ = {isa = PBXBuildFile; fileRef = 3F7A20602106718900FB501B /* LaunchScreen.storyboard */; };
/* End PBXBuildFile section */

/* Begin PBXFileReference section */
		3F0ACB6D2111037200A4EB52 /* PetDAO.swift */ = {isa = PBXFileReference; fileEncoding = 4; lastKnownFileType = sourcecode.swift; name = PetDAO.swift; path = ../PetDAO.swift; sourceTree = "<group>"; };
		3F27E697210B9D0A00F54324 /* Principal.storyboard */ = {isa = PBXFileReference; fileEncoding = 4; lastKnownFileType = file.storyboard; path = Principal.storyboard; sourceTree = "<group>"; };
		3F42238A210A5FA800B4A71A /* Assets.xcassets */ = {isa = PBXFileReference; lastKnownFileType = folder.assetcatalog; path = Assets.xcassets; sourceTree = "<group>"; };
		3F42238E210A65B200B4A71A /* Registrar.storyboard */ = {isa = PBXFileReference; fileEncoding = 4; lastKnownFileType = file.storyboard; path = Registrar.storyboard; sourceTree = "<group>"; };
		3F422392210A67E500B4A71A /* RegistrarViewController.swift */ = {isa = PBXFileReference; fileEncoding = 4; lastKnownFileType = sourcecode.swift; path = RegistrarViewController.swift; sourceTree = "<group>"; };
		3F4E2E9C2110E9B40018C578 /* UIButtonX.swift */ = {isa = PBXFileReference; fileEncoding = 4; lastKnownFileType = sourcecode.swift; name = UIButtonX.swift; path = DesignableX/UIButtonX.swift; sourceTree = "<group>"; };
		3F4E2E9D2110E9B40018C578 /* UIImageViewX.swift */ = {isa = PBXFileReference; fileEncoding = 4; lastKnownFileType = sourcecode.swift; name = UIImageViewX.swift; path = DesignableX/UIImageViewX.swift; sourceTree = "<group>"; };
		3F4E2E9E2110E9B40018C578 /* UILabelX.swift */ = {isa = PBXFileReference; fileEncoding = 4; lastKnownFileType = sourcecode.swift; name = UILabelX.swift; path = DesignableX/UILabelX.swift; sourceTree = "<group>"; };
		3F4E2E9F2110E9B40018C578 /* UISliderX.swift */ = {isa = PBXFileReference; fileEncoding = 4; lastKnownFileType = sourcecode.swift; name = UISliderX.swift; path = DesignableX/UISliderX.swift; sourceTree = "<group>"; };
		3F4E2EA02110E9B40018C578 /* UITextFieldX.swift */ = {isa = PBXFileReference; fileEncoding = 4; lastKnownFileType = sourcecode.swift; name = UITextFieldX.swift; path = DesignableX/UITextFieldX.swift; sourceTree = "<group>"; };
		3F4E2EA12110E9B40018C578 /* UIViewAnchorPoint.swift */ = {isa = PBXFileReference; fileEncoding = 4; lastKnownFileType = sourcecode.swift; name = UIViewAnchorPoint.swift; path = DesignableX/UIViewAnchorPoint.swift; sourceTree = "<group>"; };
		3F4E2EA22110E9B40018C578 /* UIViewControllerX.swift */ = {isa = PBXFileReference; fileEncoding = 4; lastKnownFileType = sourcecode.swift; name = UIViewControllerX.swift; path = DesignableX/UIViewControllerX.swift; sourceTree = "<group>"; };
		3F4E2EA32110E9B40018C578 /* UIViewX.swift */ = {isa = PBXFileReference; fileEncoding = 4; lastKnownFileType = sourcecode.swift; name = UIViewX.swift; path = DesignableX/UIViewX.swift; sourceTree = "<group>"; };
		3F4E2EA42110E9B40018C578 /* UIViewXRadialGradient.swift */ = {isa = PBXFileReference; fileEncoding = 4; lastKnownFileType = sourcecode.swift; name = UIViewXRadialGradient.swift; path = DesignableX/UIViewXRadialGradient.swift; sourceTree = "<group>"; };
		3F4E2EAE2110EA4D0018C578 /* OpenSans-Light.ttf */ = {isa = PBXFileReference; lastKnownFileType = file; path = "OpenSans-Light.ttf"; sourceTree = "<group>"; };
		3F4E2EAF2110EA4D0018C578 /* OpenSans-Regular.ttf */ = {isa = PBXFileReference; lastKnownFileType = file; path = "OpenSans-Regular.ttf"; sourceTree = "<group>"; };
		3F4E2EB22110F2880018C578 /* AdotanteDAO.swift */ = {isa = PBXFileReference; fileEncoding = 4; lastKnownFileType = sourcecode.swift; path = AdotanteDAO.swift; sourceTree = "<group>"; };
		3F4E2ED42110F98D0018C578 /* InfoPetViewController.swift */ = {isa = PBXFileReference; fileEncoding = 4; lastKnownFileType = sourcecode.swift; path = InfoPetViewController.swift; sourceTree = "<group>"; };
		3F6EE0BA210FB15600BEC3D1 /* AdoteViewController.swift */ = {isa = PBXFileReference; fileEncoding = 4; lastKnownFileType = sourcecode.swift; path = AdoteViewController.swift; sourceTree = "<group>"; };
		3F7A20542106718900FB501B /* takemehome.app */ = {isa = PBXFileReference; explicitFileType = wrapper.application; includeInIndex = 0; path = takemehome.app; sourceTree = BUILT_PRODUCTS_DIR; };
		3F7A20572106718900FB501B /* AppDelegate.swift */ = {isa = PBXFileReference; lastKnownFileType = sourcecode.swift; path = AppDelegate.swift; sourceTree = "<group>"; };
		3F7A20592106718900FB501B /* LoginViewController.swift */ = {isa = PBXFileReference; lastKnownFileType = sourcecode.swift; path = LoginViewController.swift; sourceTree = "<group>"; };
		3F7A205C2106718900FB501B /* Base */ = {isa = PBXFileReference; lastKnownFileType = file.storyboard; name = Base; path = Base.lproj/Login.storyboard; sourceTree = "<group>"; };
		3F7A20612106718900FB501B /* Base */ = {isa = PBXFileReference; lastKnownFileType = file.storyboard; name = Base; path = Base.lproj/LaunchScreen.storyboard; sourceTree = "<group>"; };
		3F7A20632106718900FB501B /* Info.plist */ = {isa = PBXFileReference; lastKnownFileType = text.plist.xml; path = Info.plist; sourceTree = "<group>"; };
/* End PBXFileReference section */

/* Begin PBXFrameworksBuildPhase section */
		3F7A20512106718900FB501B /* Frameworks */ = {
			isa = PBXFrameworksBuildPhase;
			buildActionMask = 2147483647;
			files = (
			);
			runOnlyForDeploymentPostprocessing = 0;
		};
/* End PBXFrameworksBuildPhase section */

/* Begin PBXGroup section */
		3F4E2E992110E89A0018C578 /* Resources */ = {
			isa = PBXGroup;
			children = (
				3F4E2EAE2110EA4D0018C578 /* OpenSans-Light.ttf */,
				3F4E2EAF2110EA4D0018C578 /* OpenSans-Regular.ttf */,
				3F4E2E9C2110E9B40018C578 /* UIButtonX.swift */,
				3F4E2E9D2110E9B40018C578 /* UIImageViewX.swift */,
				3F4E2E9E2110E9B40018C578 /* UILabelX.swift */,
				3F4E2E9F2110E9B40018C578 /* UISliderX.swift */,
				3F4E2EA02110E9B40018C578 /* UITextFieldX.swift */,
				3F4E2EA12110E9B40018C578 /* UIViewAnchorPoint.swift */,
				3F4E2EA22110E9B40018C578 /* UIViewControllerX.swift */,
				3F4E2EA32110E9B40018C578 /* UIViewX.swift */,
				3F4E2EA42110E9B40018C578 /* UIViewXRadialGradient.swift */,
			);
			name = Resources;
			path = takemehome;
			sourceTree = "<group>";
		};
		3F7A204B2106718900FB501B = {
			isa = PBXGroup;
			children = (
				3F7A20562106718900FB501B /* takemehome */,
				3F4E2E992110E89A0018C578 /* Resources */,
				3F7A20552106718900FB501B /* Products */,
			);
			sourceTree = "<group>";
		};
		3F7A20552106718900FB501B /* Products */ = {
			isa = PBXGroup;
			children = (
				3F7A20542106718900FB501B /* takemehome.app */,
			);
			name = Products;
			sourceTree = "<group>";
		};
		3F7A20562106718900FB501B /* takemehome */ = {
			isa = PBXGroup;
			children = (
				3F0ACB6D2111037200A4EB52 /* PetDAO.swift */,
				3F4E2EB22110F2880018C578 /* AdotanteDAO.swift */,
				3F6EE0BA210FB15600BEC3D1 /* AdoteViewController.swift */,
				3F27E697210B9D0A00F54324 /* Principal.storyboard */,
				3F4E2ED42110F98D0018C578 /* InfoPetViewController.swift */,
				3F7A20572106718900FB501B /* AppDelegate.swift */,
				3F7A20592106718900FB501B /* LoginViewController.swift */,
				3F7A205B2106718900FB501B /* Login.storyboard */,
				3F422392210A67E500B4A71A /* RegistrarViewController.swift */,
				3F42238E210A65B200B4A71A /* Registrar.storyboard */,
				3F7A20602106718900FB501B /* LaunchScreen.storyboard */,
				3F7A20632106718900FB501B /* Info.plist */,
				3F42238A210A5FA800B4A71A /* Assets.xcassets */,
			);
			path = takemehome;
			sourceTree = "<group>";
		};
/* End PBXGroup section */

/* Begin PBXNativeTarget section */
		3F7A20532106718900FB501B /* takemehome */ = {
			isa = PBXNativeTarget;
			buildConfigurationList = 3F7A20662106718900FB501B /* Build configuration list for PBXNativeTarget "takemehome" */;
			buildPhases = (
				3F7A20502106718900FB501B /* Sources */,
				3F7A20512106718900FB501B /* Frameworks */,
				3F7A20522106718900FB501B /* Resources */,
			);
			buildRules = (
			);
			dependencies = (
			);
			name = takemehome;
			productName = takemehome;
			productReference = 3F7A20542106718900FB501B /* takemehome.app */;
			productType = "com.apple.product-type.application";
		};
/* End PBXNativeTarget section */

/* Begin PBXProject section */
		3F7A204C2106718900FB501B /* Project object */ = {
			isa = PBXProject;
			attributes = {
				LastSwiftUpdateCheck = 0830;
				LastUpgradeCheck = 0830;
				ORGANIZATIONNAME = juan;
				TargetAttributes = {
					3F7A20532106718900FB501B = {
						CreatedOnToolsVersion = 8.3.3;
						ProvisioningStyle = Automatic;
					};
				};
			};
			buildConfigurationList = 3F7A204F2106718900FB501B /* Build configuration list for PBXProject "takemehome" */;
			compatibilityVersion = "Xcode 3.2";
			developmentRegion = English;
			hasScannedForEncodings = 0;
			knownRegions = (
				en,
				Base,
			);
			mainGroup = 3F7A204B2106718900FB501B;
			productRefGroup = 3F7A20552106718900FB501B /* Products */;
			projectDirPath = "";
			projectRoot = "";
			targets = (
				3F7A20532106718900FB501B /* takemehome */,
			);
		};
/* End PBXProject section */

/* Begin PBXResourcesBuildPhase section */
		3F7A20522106718900FB501B /* Resources */ = {
			isa = PBXResourcesBuildPhase;
			buildActionMask = 2147483647;
			files = (
				3F4E2EB02110EA4D0018C578 /* OpenSans-Light.ttf in Resources */,
				3F7A20622106718900FB501B /* LaunchScreen.storyboard in Resources */,
				3F42238F210A65B200B4A71A /* Registrar.storyboard in Resources */,
				3F4E2EB12110EA4D0018C578 /* OpenSans-Regular.ttf in Resources */,
				3F27E698210B9D0A00F54324 /* Principal.storyboard in Resources */,
				3F7A205D2106718900FB501B /* Login.storyboard in Resources */,
				3F42238B210A5FA800B4A71A /* Assets.xcassets in Resources */,
			);
			runOnlyForDeploymentPostprocessing = 0;
		};
/* End PBXResourcesBuildPhase section */

/* Begin PBXSourcesBuildPhase section */
		3F7A20502106718900FB501B /* Sources */ = {
			isa = PBXSourcesBuildPhase;
			buildActionMask = 2147483647;
			files = (
				3F4E2EAA2110E9B40018C578 /* UIViewAnchorPoint.swift in Sources */,
				3F4E2EA72110E9B40018C578 /* UILabelX.swift in Sources */,
				3F4E2EA82110E9B40018C578 /* UISliderX.swift in Sources */,
				3F6EE0BB210FB15600BEC3D1 /* AdoteViewController.swift in Sources */,
				3F0ACB6E2111037200A4EB52 /* PetDAO.swift in Sources */,
				3F4E2EB32110F2880018C578 /* AdotanteDAO.swift in Sources */,
				3F4E2EA62110E9B40018C578 /* UIImageViewX.swift in Sources */,
				3F4E2EAC2110E9B40018C578 /* UIViewX.swift in Sources */,
				3F7A205A2106718900FB501B /* LoginViewController.swift in Sources */,
				3F422393210A67E500B4A71A /* RegistrarViewController.swift in Sources */,
				3F4E2ED52110F98D0018C578 /* InfoPetViewController.swift in Sources */,
				3F4E2EAD2110E9B40018C578 /* UIViewXRadialGradient.swift in Sources */,
				3F4E2EAB2110E9B40018C578 /* UIViewControllerX.swift in Sources */,
				3F4E2EA52110E9B40018C578 /* UIButtonX.swift in Sources */,
				3F4E2EA92110E9B40018C578 /* UITextFieldX.swift in Sources */,
				3F7A20582106718900FB501B /* AppDelegate.swift in Sources */,
			);
			runOnlyForDeploymentPostprocessing = 0;
		};
/* End PBXSourcesBuildPhase section */

/* Begin PBXVariantGroup section */
		3F7A205B2106718900FB501B /* Login.storyboard */ = {
			isa = PBXVariantGroup;
			children = (
				3F7A205C2106718900FB501B /* Base */,
			);
			name = Login.storyboard;
			sourceTree = "<group>";
		};
		3F7A20602106718900FB501B /* LaunchScreen.storyboard */ = {
			isa = PBXVariantGroup;
			children = (
				3F7A20612106718900FB501B /* Base */,
			);
			name = LaunchScreen.storyboard;
			sourceTree = "<group>";
		};
/* End PBXVariantGroup section */

/* Begin XCBuildConfiguration section */
		3F7A20642106718900FB501B /* Debug */ = {
			isa = XCBuildConfiguration;
			buildSettings = {
				ALWAYS_SEARCH_USER_PATHS = NO;
				CLANG_ANALYZER_NONNULL = YES;
				CLANG_ANALYZER_NUMBER_OBJECT_CONVERSION = YES_AGGRESSIVE;
				CLANG_CXX_LANGUAGE_STANDARD = "gnu++0x";
				CLANG_CXX_LIBRARY = "libc++";
				CLANG_ENABLE_MODULES = YES;
				CLANG_ENABLE_OBJC_ARC = YES;
				CLANG_WARN_BOOL_CONVERSION = YES;
				CLANG_WARN_CONSTANT_CONVERSION = YES;
				CLANG_WARN_DIRECT_OBJC_ISA_USAGE = YES_ERROR;
				CLANG_WARN_DOCUMENTATION_COMMENTS = YES;
				CLANG_WARN_EMPTY_BODY = YES;
				CLANG_WARN_ENUM_CONVERSION = YES;
				CLANG_WARN_INFINITE_RECURSION = YES;
				CLANG_WARN_INT_CONVERSION = YES;
				CLANG_WARN_OBJC_ROOT_CLASS = YES_ERROR;
				CLANG_WARN_SUSPICIOUS_MOVE = YES;
				CLANG_WARN_UNREACHABLE_CODE = YES;
				CLANG_WARN__DUPLICATE_METHOD_MATCH = YES;
				"CODE_SIGN_IDENTITY[sdk=iphoneos*]" = "iPhone Developer";
				COPY_PHASE_STRIP = NO;
				DEBUG_INFORMATION_FORMAT = dwarf;
				ENABLE_STRICT_OBJC_MSGSEND = YES;
				ENABLE_TESTABILITY = YES;
				GCC_C_LANGUAGE_STANDARD = gnu99;
				GCC_DYNAMIC_NO_PIC = NO;
				GCC_NO_COMMON_BLOCKS = YES;
				GCC_OPTIMIZATION_LEVEL = 0;
				GCC_PREPROCESSOR_DEFINITIONS = (
					"DEBUG=1",
					"$(inherited)",
				);
				GCC_WARN_64_TO_32_BIT_CONVERSION = YES;
				GCC_WARN_ABOUT_RETURN_TYPE = YES_ERROR;
				GCC_WARN_UNDECLARED_SELECTOR = YES;
				GCC_WARN_UNINITIALIZED_AUTOS = YES_AGGRESSIVE;
				GCC_WARN_UNUSED_FUNCTION = YES;
				GCC_WARN_UNUSED_VARIABLE = YES;
				IPHONEOS_DEPLOYMENT_TARGET = 10.3;
				MTL_ENABLE_DEBUG_INFO = YES;
				ONLY_ACTIVE_ARCH = YES;
				SDKROOT = iphoneos;
				SWIFT_ACTIVE_COMPILATION_CONDITIONS = DEBUG;
				SWIFT_OPTIMIZATION_LEVEL = "-Onone";
				TARGETED_DEVICE_FAMILY = "1,2";
			};
			name = Debug;
		};
		3F7A20652106718900FB501B /* Release */ = {
			isa = XCBuildConfiguration;
			buildSettings = {
				ALWAYS_SEARCH_USER_PATHS = NO;
				CLANG_ANALYZER_NONNULL = YES;
				CLANG_ANALYZER_NUMBER_OBJECT_CONVERSION = YES_AGGRESSIVE;
				CLANG_CXX_LANGUAGE_STANDARD = "gnu++0x";
				CLANG_CXX_LIBRARY = "libc++";
				CLANG_ENABLE_MODULES = YES;
				CLANG_ENABLE_OBJC_ARC = YES;
				CLANG_WARN_BOOL_CONVERSION = YES;
				CLANG_WARN_CONSTANT_CONVERSION = YES;
				CLANG_WARN_DIRECT_OBJC_ISA_USAGE = YES_ERROR;
				CLANG_WARN_DOCUMENTATION_COMMENTS = YES;
				CLANG_WARN_EMPTY_BODY = YES;
				CLANG_WARN_ENUM_CONVERSION = YES;
				CLANG_WARN_INFINITE_RECURSION = YES;
				CLANG_WARN_INT_CONVERSION = YES;
				CLANG_WARN_OBJC_ROOT_CLASS = YES_ERROR;
				CLANG_WARN_SUSPICIOUS_MOVE = YES;
				CLANG_WARN_UNREACHABLE_CODE = YES;
				CLANG_WARN__DUPLICATE_METHOD_MATCH = YES;
				"CODE_SIGN_IDENTITY[sdk=iphoneos*]" = "iPhone Developer";
				COPY_PHASE_STRIP = NO;
				DEBUG_INFORMATION_FORMAT = "dwarf-with-dsym";
				ENABLE_NS_ASSERTIONS = NO;
				ENABLE_STRICT_OBJC_MSGSEND = YES;
				GCC_C_LANGUAGE_STANDARD = gnu99;
				GCC_NO_COMMON_BLOCKS = YES;
				GCC_WARN_64_TO_32_BIT_CONVERSION = YES;
				GCC_WARN_ABOUT_RETURN_TYPE = YES_ERROR;
				GCC_WARN_UNDECLARED_SELECTOR = YES;
				GCC_WARN_UNINITIALIZED_AUTOS = YES_AGGRESSIVE;
				GCC_WARN_UNUSED_FUNCTION = YES;
				GCC_WARN_UNUSED_VARIABLE = YES;
				IPHONEOS_DEPLOYMENT_TARGET = 10.3;
				MTL_ENABLE_DEBUG_INFO = NO;
				SDKROOT = iphoneos;
				SWIFT_OPTIMIZATION_LEVEL = "-Owholemodule";
				TARGETED_DEVICE_FAMILY = "1,2";
				VALIDATE_PRODUCT = YES;
			};
			name = Release;
		};
		3F7A20672106718900FB501B /* Debug */ = {
			isa = XCBuildConfiguration;
			buildSettings = {
				ASSETCATALOG_COMPILER_APPICON_NAME = AppIcon;
				DEVELOPMENT_TEAM = "";
				INFOPLIST_FILE = takemehome/Info.plist;
				LD_RUNPATH_SEARCH_PATHS = "$(inherited) @executable_path/Frameworks";
				PRODUCT_BUNDLE_IDENTIFIER = com.hackatruck.takemehome;
				PRODUCT_NAME = "$(TARGET_NAME)";
				SWIFT_VERSION = 3.0;
			};
			name = Debug;
		};
		3F7A20682106718900FB501B /* Release */ = {
			isa = XCBuildConfiguration;
			buildSettings = {
				ASSETCATALOG_COMPILER_APPICON_NAME = AppIcon;
				DEVELOPMENT_TEAM = "";
				INFOPLIST_FILE = takemehome/Info.plist;
				LD_RUNPATH_SEARCH_PATHS = "$(inherited) @executable_path/Frameworks";
				PRODUCT_BUNDLE_IDENTIFIER = com.hackatruck.takemehome;
				PRODUCT_NAME = "$(TARGET_NAME)";
				SWIFT_VERSION = 3.0;
			};
			name = Release;
		};
/* End XCBuildConfiguration section */

/* Begin XCConfigurationList section */
		3F7A204F2106718900FB501B /* Build configuration list for PBXProject "takemehome" */ = {
			isa = XCConfigurationList;
			buildConfigurations = (
				3F7A20642106718900FB501B /* Debug */,
				3F7A20652106718900FB501B /* Release */,
			);
			defaultConfigurationIsVisible = 0;
			defaultConfigurationName = Release;
		};
		3F7A20662106718900FB501B /* Build configuration list for PBXNativeTarget "takemehome" */ = {
			isa = XCConfigurationList;
			buildConfigurations = (
				3F7A20672106718900FB501B /* Debug */,
				3F7A20682106718900FB501B /* Release */,
			);
			defaultConfigurationIsVisible = 0;
			defaultConfigurationName = Release;
		};
/* End XCConfigurationList section */
	};
	rootObject = 3F7A204C2106718900FB501B /* Project object */;
}
